
Microsoft Visual Studio Solution File, Format Version 11.00
# Visual Studio 2010
Project("{FAE04EC0-301F-11D3-BF4B-00C04F79EFBC}") = "Assembly-CSharp-Editor", "Assembly-CSharp-Editor.csproj", "{07d76e2f-9c77-9418-f05c-3b7744a7551f}"
EndProject
Project("{FAE04EC0-301F-11D3-BF4B-00C04F79EFBC}") = "Assembly-CSharp", "Assembly-CSharp.csproj", "{d81037f2-9463-68d5-8e02-77e3d48d14fb}"
EndProject
Global
	GlobalSection(SolutionConfigurationPlatforms) = preSolution
		Debug|Any CPU = Debug|Any CPU
	EndGlobalSection
	GlobalSection(ProjectConfigurationPlatforms) = postSolution
		{07d76e2f-9c77-9418-f05c-3b7744a7551f}.Debug|Any CPU.ActiveCfg = Debug|Any CPU
		{07d76e2f-9c77-9418-f05c-3b7744a7551f}.Debug|Any CPU.Build.0 = Debug|Any CPU
		{d81037f2-9463-68d5-8e02-77e3d48d14fb}.Debug|Any CPU.ActiveCfg = Debug|Any CPU
		{d81037f2-9463-68d5-8e02-77e3d48d14fb}.Debug|Any CPU.Build.0 = Debug|Any CPU
	EndGlobalSection
	GlobalSection(SolutionProperties) = preSolution
		HideSolutionNode = FALSE
	EndGlobalSection
EndGlobal
